{
  "requires": true,
  "lockfileVersion": 1,
  "dependencies": {
    "idb-promise": {
      "version": "0.0.3",
      "resolved": "https://registry.npmjs.org/idb-promise/-/idb-promise-0.0.3.tgz",
      "integrity": "sha512-CYvpAf2rjyPpTfgKijOtwnzUs1L0BQRu+ZOhiYGr1k+JNIlATp/jQE5xUoPk2MIiGluAF69J+0zm7OZHboVLxA=="
    }
  }
}
